// !$*UTF8*$!
{
	archiveVersion = 1;
	classes = {
	};
	objectVersion = 50;
	objects = {

/* Begin PBXBuildFile section */
		03E651BBE3B8FC56C1811E53 /* libPods-JKPhotoBrowser.a in Frameworks */ = {isa = PBXBuildFile; fileRef = 5EBBAD1CEFD18382DA55EC94 /* libPods-JKPhotoBrowser.a */; };
		1849D3BA20B53E1300697616 /* AppDelegate.m in Sources */ = {isa = PBXBuildFile; fileRef = 1849D3B920B53E1300697616 /* AppDelegate.m */; };
		1849D3BD20B53E1300697616 /* ViewController.m in Sources */ = {isa = PBXBuildFile; fileRef = 1849D3BC20B53E1300697616 /* ViewController.m */; };
		1849D3C020B53E1300697616 /* Main.storyboard in Resources */ = {isa = PBXBuildFile; fileRef = 1849D3BE20B53E1300697616 /* Main.storyboard */; };
		1849D3C220B53E1600697616 /* Assets.xcassets in Resources */ = {isa = PBXBuildFile; fileRef = 1849D3C120B53E1600697616 /* Assets.xcassets */; };
		1849D3C520B53E1600697616 /* LaunchScreen.storyboard in Resources */ = {isa = PBXBuildFile; fileRef = 1849D3C320B53E1600697616 /* LaunchScreen.storyboard */; };
		1849D3C820B53E1600697616 /* main.m in Sources */ = {isa = PBXBuildFile; fileRef = 1849D3C720B53E1600697616 /* main.m */; };
		187D2C4820D8E05900495ED3 /* JKPhotoBrowserTopView.m in Sources */ = {isa = PBXBuildFile; fileRef = 187D2C4720D8E05900495ED3 /* JKPhotoBrowserTopView.m */; };
		18D7DA5620BD47C800C511E5 /* localBigImage0.jpeg in Resources */ = {isa = PBXBuildFile; fileRef = 18D7DA4C20BD47C800C511E5 /* localBigImage0.jpeg */; };
		18D7DA5720BD47C800C511E5 /* localImage1.jpeg in Resources */ = {isa = PBXBuildFile; fileRef = 18D7DA4D20BD47C800C511E5 /* localImage1.jpeg */; };
		18D7DA5820BD47C800C511E5 /* localImage0.jpeg in Resources */ = {isa = PBXBuildFile; fileRef = 18D7DA4E20BD47C800C511E5 /* localImage0.jpeg */; };
		18D7DA5920BD47C800C511E5 /* localImage7.jpeg in Resources */ = {isa = PBXBuildFile; fileRef = 18D7DA4F20BD47C800C511E5 /* localImage7.jpeg */; };
		18D7DA5A20BD47C800C511E5 /* localImage6.jpeg in Resources */ = {isa = PBXBuildFile; fileRef = 18D7DA5020BD47C800C511E5 /* localImage6.jpeg */; };
		18D7DA5B20BD47C800C511E5 /* localImage5.jpeg in Resources */ = {isa = PBXBuildFile; fileRef = 18D7DA5120BD47C800C511E5 /* localImage5.jpeg */; };
		18D7DA5C20BD47C800C511E5 /* localImage4.jpeg in Resources */ = {isa = PBXBuildFile; fileRef = 18D7DA5220BD47C800C511E5 /* localImage4.jpeg */; };
		18D7DA5D20BD47C800C511E5 /* localImage8.jpeg in Resources */ = {isa = PBXBuildFile; fileRef = 18D7DA5320BD47C800C511E5 /* localImage8.jpeg */; };
		18D7DA5E20BD47C800C511E5 /* localImage3.jpeg in Resources */ = {isa = PBXBuildFile; fileRef = 18D7DA5420BD47C800C511E5 /* localImage3.jpeg */; };
		18D7DA5F20BD47C800C511E5 /* localImage2.jpeg in Resources */ = {isa = PBXBuildFile; fileRef = 18D7DA5520BD47C800C511E5 /* localImage2.jpeg */; };
		18F83E4E20DCD163007DE0A5 /* JKPhotoTransitionConfig.m in Sources */ = {isa = PBXBuildFile; fileRef = 18F83E2E20DCD163007DE0A5 /* JKPhotoTransitionConfig.m */; };
		18F83E4F20DCD163007DE0A5 /* JKPhotoSavePhotoManger.m in Sources */ = {isa = PBXBuildFile; fileRef = 18F83E2F20DCD163007DE0A5 /* JKPhotoSavePhotoManger.m */; };
		18F83E5020DCD163007DE0A5 /* JKPhotoBrowser.m in Sources */ = {isa = PBXBuildFile; fileRef = 18F83E3120DCD163007DE0A5 /* JKPhotoBrowser.m */; };
		18F83E5120DCD163007DE0A5 /* JKPhotoBrowserViewFlowLayout.m in Sources */ = {isa = PBXBuildFile; fileRef = 18F83E3320DCD163007DE0A5 /* JKPhotoBrowserViewFlowLayout.m */; };
		18F83E5220DCD163007DE0A5 /* JKPhotoBrowserCell.m in Sources */ = {isa = PBXBuildFile; fileRef = 18F83E3520DCD163007DE0A5 /* JKPhotoBrowserCell.m */; };
		18F83E5320DCD163007DE0A5 /* JKPhtotBrowserAnimatedTransitioning.m in Sources */ = {isa = PBXBuildFile; fileRef = 18F83E3A20DCD163007DE0A5 /* JKPhtotBrowserAnimatedTransitioning.m */; };
		18F83E5420DCD163007DE0A5 /* JKImageModel.m in Sources */ = {isa = PBXBuildFile; fileRef = 18F83E3C20DCD163007DE0A5 /* JKImageModel.m */; };
		18F83E5520DCD163007DE0A5 /* JKPhtotPageView.m in Sources */ = {isa = PBXBuildFile; fileRef = 18F83E4220DCD163007DE0A5 /* JKPhtotPageView.m */; };
		18F83E5620DCD163007DE0A5 /* JKPhotoBrowserView.m in Sources */ = {isa = PBXBuildFile; fileRef = 18F83E4320DCD163007DE0A5 /* JKPhotoBrowserView.m */; };
		18F83E5720DCD163007DE0A5 /* JKPhtotProgressView.m in Sources */ = {isa = PBXBuildFile; fileRef = 18F83E4420DCD163007DE0A5 /* JKPhtotProgressView.m */; };
/* End PBXBuildFile section */

/* Begin PBXFileReference section */
		1849D3B520B53E1300697616 /* JKPhotoBrowser.app */ = {isa = PBXFileReference; explicitFileType = wrapper.application; includeInIndex = 0; path = JKPhotoBrowser.app; sourceTree = BUILT_PRODUCTS_DIR; };
		1849D3B820B53E1300697616 /* AppDelegate.h */ = {isa = PBXFileReference; lastKnownFileType = sourcecode.c.h; path = AppDelegate.h; sourceTree = "<group>"; };
		1849D3B920B53E1300697616 /* AppDelegate.m */ = {isa = PBXFileReference; lastKnownFileType = sourcecode.c.objc; path = AppDelegate.m; sourceTree = "<group>"; };
		1849D3BB20B53E1300697616 /* ViewController.h */ = {isa = PBXFileReference; lastKnownFileType = sourcecode.c.h; path = ViewController.h; sourceTree = "<group>"; };
		1849D3BC20B53E1300697616 /* ViewController.m */ = {isa = PBXFileReference; lastKnownFileType = sourcecode.c.objc; path = ViewController.m; sourceTree = "<group>"; };
		1849D3BF20B53E1300697616 /* Base */ = {isa = PBXFileReference; lastKnownFileType = file.storyboard; name = Base; path = Base.lproj/Main.storyboard; sourceTree = "<group>"; };
		1849D3C120B53E1600697616 /* Assets.xcassets */ = {isa = PBXFileReference; lastKnownFileType = folder.assetcatalog; path = Assets.xcassets; sourceTree = "<group>"; };
		1849D3C420B53E1600697616 /* Base */ = {isa = PBXFileReference; lastKnownFileType = file.storyboard; name = Base; path = Base.lproj/LaunchScreen.storyboard; sourceTree = "<group>"; };
		1849D3C620B53E1600697616 /* Info.plist */ = {isa = PBXFileReference; lastKnownFileType = text.plist.xml; path = Info.plist; sourceTree = "<group>"; };
		1849D3C720B53E1600697616 /* main.m */ = {isa = PBXFileReference; lastKnownFileType = sourcecode.c.objc; path = main.m; sourceTree = "<group>"; };
		187D2C4620D8E05900495ED3 /* JKPhotoBrowserTopView.h */ = {isa = PBXFileReference; lastKnownFileType = sourcecode.c.h; path = JKPhotoBrowserTopView.h; sourceTree = "<group>"; };
		187D2C4720D8E05900495ED3 /* JKPhotoBrowserTopView.m */ = {isa = PBXFileReference; lastKnownFileType = sourcecode.c.objc; path = JKPhotoBrowserTopView.m; sourceTree = "<group>"; };
		18D7DA4C20BD47C800C511E5 /* localBigImage0.jpeg */ = {isa = PBXFileReference; lastKnownFileType = image.jpeg; path = localBigImage0.jpeg; sourceTree = "<group>"; };
		18D7DA4D20BD47C800C511E5 /* localImage1.jpeg */ = {isa = PBXFileReference; lastKnownFileType = image.jpeg; path = localImage1.jpeg; sourceTree = "<group>"; };
		18D7DA4E20BD47C800C511E5 /* localImage0.jpeg */ = {isa = PBXFileReference; lastKnownFileType = image.jpeg; path = localImage0.jpeg; sourceTree = "<group>"; };
		18D7DA4F20BD47C800C511E5 /* localImage7.jpeg */ = {isa = PBXFileReference; lastKnownFileType = image.jpeg; path = localImage7.jpeg; sourceTree = "<group>"; };
		18D7DA5020BD47C800C511E5 /* localImage6.jpeg */ = {isa = PBXFileReference; lastKnownFileType = image.jpeg; path = localImage6.jpeg; sourceTree = "<group>"; };
		18D7DA5120BD47C800C511E5 /* localImage5.jpeg */ = {isa = PBXFileReference; lastKnownFileType = image.jpeg; path = localImage5.jpeg; sourceTree = "<group>"; };
		18D7DA5220BD47C800C511E5 /* localImage4.jpeg */ = {isa = PBXFileReference; lastKnownFileType = image.jpeg; path = localImage4.jpeg; sourceTree = "<group>"; };
		18D7DA5320BD47C800C511E5 /* localImage8.jpeg */ = {isa = PBXFileReference; lastKnownFileType = image.jpeg; path = localImage8.jpeg; sourceTree = "<group>"; };
		18D7DA5420BD47C800C511E5 /* localImage3.jpeg */ = {isa = PBXFileReference; lastKnownFileType = image.jpeg; path = localImage3.jpeg; sourceTree = "<group>"; };
		18D7DA5520BD47C800C511E5 /* localImage2.jpeg */ = {isa = PBXFileReference; lastKnownFileType = image.jpeg; path = localImage2.jpeg; sourceTree = "<group>"; };
		18F83E2C20DCD163007DE0A5 /* JKPhotoTransitionConfig.h */ = {isa = PBXFileReference; fileEncoding = 4; lastKnownFileType = sourcecode.c.h; path = JKPhotoTransitionConfig.h; sourceTree = "<group>"; };
		18F83E2D20DCD163007DE0A5 /* JKPhotoSavePhotoManger.h */ = {isa = PBXFileReference; fileEncoding = 4; lastKnownFileType = sourcecode.c.h; path = JKPhotoSavePhotoManger.h; sourceTree = "<group>"; };
		18F83E2E20DCD163007DE0A5 /* JKPhotoTransitionConfig.m */ = {isa = PBXFileReference; fileEncoding = 4; lastKnownFileType = sourcecode.c.objc; path = JKPhotoTransitionConfig.m; sourceTree = "<group>"; };
		18F83E2F20DCD163007DE0A5 /* JKPhotoSavePhotoManger.m */ = {isa = PBXFileReference; fileEncoding = 4; lastKnownFileType = sourcecode.c.objc; path = JKPhotoSavePhotoManger.m; sourceTree = "<group>"; };
		18F83E3120DCD163007DE0A5 /* JKPhotoBrowser.m */ = {isa = PBXFileReference; fileEncoding = 4; lastKnownFileType = sourcecode.c.objc; path = JKPhotoBrowser.m; sourceTree = "<group>"; };
		18F83E3320DCD163007DE0A5 /* JKPhotoBrowserViewFlowLayout.m */ = {isa = PBXFileReference; fileEncoding = 4; lastKnownFileType = sourcecode.c.objc; path = JKPhotoBrowserViewFlowLayout.m; sourceTree = "<group>"; };
		18F83E3420DCD163007DE0A5 /* JKPhotoBrowserCell.h */ = {isa = PBXFileReference; fileEncoding = 4; lastKnownFileType = sourcecode.c.h; path = JKPhotoBrowserCell.h; sourceTree = "<group>"; };
		18F83E3520DCD163007DE0A5 /* JKPhotoBrowserCell.m */ = {isa = PBXFileReference; fileEncoding = 4; lastKnownFileType = sourcecode.c.objc; path = JKPhotoBrowserCell.m; sourceTree = "<group>"; };
		18F83E3620DCD163007DE0A5 /* JKPhotoBrowserViewFlowLayout.h */ = {isa = PBXFileReference; fileEncoding = 4; lastKnownFileType = sourcecode.c.h; path = JKPhotoBrowserViewFlowLayout.h; sourceTree = "<group>"; };
		18F83E3720DCD163007DE0A5 /* JKPhotoBrowser.h */ = {isa = PBXFileReference; fileEncoding = 4; lastKnownFileType = sourcecode.c.h; path = JKPhotoBrowser.h; sourceTree = "<group>"; };
		18F83E3920DCD163007DE0A5 /* JKPhtotBrowserAnimatedTransitioning.h */ = {isa = PBXFileReference; fileEncoding = 4; lastKnownFileType = sourcecode.c.h; path = JKPhtotBrowserAnimatedTransitioning.h; sourceTree = "<group>"; };
		18F83E3A20DCD163007DE0A5 /* JKPhtotBrowserAnimatedTransitioning.m */ = {isa = PBXFileReference; fileEncoding = 4; lastKnownFileType = sourcecode.c.objc; path = JKPhtotBrowserAnimatedTransitioning.m; sourceTree = "<group>"; };
		18F83E3C20DCD163007DE0A5 /* JKImageModel.m */ = {isa = PBXFileReference; fileEncoding = 4; lastKnownFileType = sourcecode.c.objc; path = JKImageModel.m; sourceTree = "<group>"; };
		18F83E3D20DCD163007DE0A5 /* JKImageModel.h */ = {isa = PBXFileReference; fileEncoding = 4; lastKnownFileType = sourcecode.c.h; path = JKImageModel.h; sourceTree = "<group>"; };
		18F83E3F20DCD163007DE0A5 /* JKPhtotPageView.h */ = {isa = PBXFileReference; fileEncoding = 4; lastKnownFileType = sourcecode.c.h; path = JKPhtotPageView.h; sourceTree = "<group>"; };
		18F83E4020DCD163007DE0A5 /* JKPhotoBrowserView.h */ = {isa = PBXFileReference; fileEncoding = 4; lastKnownFileType = sourcecode.c.h; path = JKPhotoBrowserView.h; sourceTree = "<group>"; };
		18F83E4120DCD163007DE0A5 /* JKPhtotProgressView.h */ = {isa = PBXFileReference; fileEncoding = 4; lastKnownFileType = sourcecode.c.h; path = JKPhtotProgressView.h; sourceTree = "<group>"; };
		18F83E4220DCD163007DE0A5 /* JKPhtotPageView.m */ = {isa = PBXFileReference; fileEncoding = 4; lastKnownFileType = sourcecode.c.objc; path = JKPhtotPageView.m; sourceTree = "<group>"; };
		18F83E4320DCD163007DE0A5 /* JKPhotoBrowserView.m */ = {isa = PBXFileReference; fileEncoding = 4; lastKnownFileType = sourcecode.c.objc; path = JKPhotoBrowserView.m; sourceTree = "<group>"; };
		18F83E4420DCD163007DE0A5 /* JKPhtotProgressView.m */ = {isa = PBXFileReference; fileEncoding = 4; lastKnownFileType = sourcecode.c.objc; path = JKPhtotProgressView.m; sourceTree = "<group>"; };
		18F83E4620DCD163007DE0A5 /* JKPhotoModel.h */ = {isa = PBXFileReference; fileEncoding = 4; lastKnownFileType = sourcecode.c.h; path = JKPhotoModel.h; sourceTree = "<group>"; };
		18F83E4720DCD163007DE0A5 /* JKPhotoBrowserDataSouce.h */ = {isa = PBXFileReference; fileEncoding = 4; lastKnownFileType = sourcecode.c.h; path = JKPhotoBrowserDataSouce.h; sourceTree = "<group>"; };
		18F83E4820DCD163007DE0A5 /* JKPhotoIndexPage.h */ = {isa = PBXFileReference; fileEncoding = 4; lastKnownFileType = sourcecode.c.h; path = JKPhotoIndexPage.h; sourceTree = "<group>"; };
		18F83E4920DCD163007DE0A5 /* JKPhotoBrowserDelegate.h */ = {isa = PBXFileReference; fileEncoding = 4; lastKnownFileType = sourcecode.c.h; path = JKPhotoBrowserDelegate.h; sourceTree = "<group>"; };
		18F83E4A20DCD163007DE0A5 /* JKPhotoBrowserStateProtocol.h */ = {isa = PBXFileReference; fileEncoding = 4; lastKnownFileType = sourcecode.c.h; path = JKPhotoBrowserStateProtocol.h; sourceTree = "<group>"; };
		18F83E4B20DCD163007DE0A5 /* JKPhotoTransitionProtocol.h */ = {isa = PBXFileReference; fileEncoding = 4; lastKnownFileType = sourcecode.c.h; path = JKPhotoTransitionProtocol.h; sourceTree = "<group>"; };
		18F83E4D20DCD163007DE0A5 /* JKPhotoMacro.h */ = {isa = PBXFileReference; fileEncoding = 4; lastKnownFileType = sourcecode.c.h; path = JKPhotoMacro.h; sourceTree = "<group>"; };
		55C78092177D7BE74792AC85 /* Pods-JKPhotoBrowser.debug.xcconfig */ = {isa = PBXFileReference; includeInIndex = 1; lastKnownFileType = text.xcconfig; name = "Pods-JKPhotoBrowser.debug.xcconfig"; path = "Pods/Target Support Files/Pods-JKPhotoBrowser/Pods-JKPhotoBrowser.debug.xcconfig"; sourceTree = "<group>"; };
		5EBBAD1CEFD18382DA55EC94 /* libPods-JKPhotoBrowser.a */ = {isa = PBXFileReference; explicitFileType = archive.ar; includeInIndex = 0; path = "libPods-JKPhotoBrowser.a"; sourceTree = BUILT_PRODUCTS_DIR; };
		93B4C02091BF268D8F9A3604 /* Pods-JKPhotoBrowser.release.xcconfig */ = {isa = PBXFileReference; includeInIndex = 1; lastKnownFileType = text.xcconfig; name = "Pods-JKPhotoBrowser.release.xcconfig"; path = "Pods/Target Support Files/Pods-JKPhotoBrowser/Pods-JKPhotoBrowser.release.xcconfig"; sourceTree = "<group>"; };
/* End PBXFileReference section */

/* Begin PBXFrameworksBuildPhase section */
		1849D3B220B53E1300697616 /* Frameworks */ = {
			isa = PBXFrameworksBuildPhase;
			buildActionMask = 2147483647;
			files = (
				03E651BBE3B8FC56C1811E53 /* libPods-JKPhotoBrowser.a in Frameworks */,
			);
			runOnlyForDeploymentPostprocessing = 0;
		};
/* End PBXFrameworksBuildPhase section */

/* Begin PBXGroup section */
		0375ED444CC3284C9BF23C18 /* Pods */ = {
			isa = PBXGroup;
			children = (
				55C78092177D7BE74792AC85 /* Pods-JKPhotoBrowser.debug.xcconfig */,
				93B4C02091BF268D8F9A3604 /* Pods-JKPhotoBrowser.release.xcconfig */,
			);
			name = Pods;
			sourceTree = "<group>";
		};
		1849D3AC20B53E1300697616 = {
			isa = PBXGroup;
			children = (
				1849D3B720B53E1300697616 /* JKPhotoBrowser */,
				1849D3B620B53E1300697616 /* Products */,
				0375ED444CC3284C9BF23C18 /* Pods */,
				4538FBE546994300D6238C3F /* Frameworks */,
			);
			sourceTree = "<group>";
		};
		1849D3B620B53E1300697616 /* Products */ = {
			isa = PBXGroup;
			children = (
				1849D3B520B53E1300697616 /* JKPhotoBrowser.app */,
			);
			name = Products;
			sourceTree = "<group>";
		};
		1849D3B720B53E1300697616 /* JKPhotoBrowser */ = {
			isa = PBXGroup;
			children = (
				18F83E2A20DCD163007DE0A5 /* JKPhotoBrowserKit */,
				18D7DA4B20BD47C800C511E5 /* LocalImages */,
				1849D3B820B53E1300697616 /* AppDelegate.h */,
				1849D3B920B53E1300697616 /* AppDelegate.m */,
				1849D3BB20B53E1300697616 /* ViewController.h */,
				1849D3BC20B53E1300697616 /* ViewController.m */,
				187D2C4620D8E05900495ED3 /* JKPhotoBrowserTopView.h */,
				187D2C4720D8E05900495ED3 /* JKPhotoBrowserTopView.m */,
				1849D3BE20B53E1300697616 /* Main.storyboard */,
				1849D3C120B53E1600697616 /* Assets.xcassets */,
				1849D3C320B53E1600697616 /* LaunchScreen.storyboard */,
				1849D3C620B53E1600697616 /* Info.plist */,
				1849D3C720B53E1600697616 /* main.m */,
			);
			path = JKPhotoBrowser;
			sourceTree = "<group>";
		};
		18D7DA4B20BD47C800C511E5 /* LocalImages */ = {
			isa = PBXGroup;
			children = (
				18D7DA4C20BD47C800C511E5 /* localBigImage0.jpeg */,
				18D7DA4D20BD47C800C511E5 /* localImage1.jpeg */,
				18D7DA4E20BD47C800C511E5 /* localImage0.jpeg */,
				18D7DA4F20BD47C800C511E5 /* localImage7.jpeg */,
				18D7DA5020BD47C800C511E5 /* localImage6.jpeg */,
				18D7DA5120BD47C800C511E5 /* localImage5.jpeg */,
				18D7DA5220BD47C800C511E5 /* localImage4.jpeg */,
				18D7DA5320BD47C800C511E5 /* localImage8.jpeg */,
				18D7DA5420BD47C800C511E5 /* localImage3.jpeg */,
				18D7DA5520BD47C800C511E5 /* localImage2.jpeg */,
			);
			path = LocalImages;
			sourceTree = "<group>";
		};
		18F83E2A20DCD163007DE0A5 /* JKPhotoBrowserKit */ = {
			isa = PBXGroup;
			children = (
				18F83E2B20DCD163007DE0A5 /* Manger */,
				18F83E3020DCD163007DE0A5 /* CoreStructure */,
				18F83E4520DCD163007DE0A5 /* Protocol */,
				18F83E4C20DCD163007DE0A5 /* Utilities */,
			);
			path = JKPhotoBrowserKit;
			sourceTree = SOURCE_ROOT;
		};
		18F83E2B20DCD163007DE0A5 /* Manger */ = {
			isa = PBXGroup;
			children = (
				18F83E2C20DCD163007DE0A5 /* JKPhotoTransitionConfig.h */,
				18F83E2D20DCD163007DE0A5 /* JKPhotoSavePhotoManger.h */,
				18F83E2E20DCD163007DE0A5 /* JKPhotoTransitionConfig.m */,
				18F83E2F20DCD163007DE0A5 /* JKPhotoSavePhotoManger.m */,
			);
			path = Manger;
			sourceTree = "<group>";
		};
		18F83E3020DCD163007DE0A5 /* CoreStructure */ = {
			isa = PBXGroup;
			children = (
				18F83E3120DCD163007DE0A5 /* JKPhotoBrowser.m */,
				18F83E3220DCD163007DE0A5 /* Cell */,
				18F83E3720DCD163007DE0A5 /* JKPhotoBrowser.h */,
				18F83E3820DCD163007DE0A5 /* Transitioning */,
				18F83E3B20DCD163007DE0A5 /* Model */,
				18F83E3E20DCD163007DE0A5 /* View */,
			);
			path = CoreStructure;
			sourceTree = "<group>";
		};
		18F83E3220DCD163007DE0A5 /* Cell */ = {
			isa = PBXGroup;
			children = (
				18F83E3320DCD163007DE0A5 /* JKPhotoBrowserViewFlowLayout.m */,
				18F83E3420DCD163007DE0A5 /* JKPhotoBrowserCell.h */,
				18F83E3520DCD163007DE0A5 /* JKPhotoBrowserCell.m */,
				18F83E3620DCD163007DE0A5 /* JKPhotoBrowserViewFlowLayout.h */,
			);
			path = Cell;
			sourceTree = "<group>";
		};
		18F83E3820DCD163007DE0A5 /* Transitioning */ = {
			isa = PBXGroup;
			children = (
				18F83E3920DCD163007DE0A5 /* JKPhtotBrowserAnimatedTransitioning.h */,
				18F83E3A20DCD163007DE0A5 /* JKPhtotBrowserAnimatedTransitioning.m */,
			);
			path = Transitioning;
			sourceTree = "<group>";
		};
		18F83E3B20DCD163007DE0A5 /* Model */ = {
			isa = PBXGroup;
			children = (
				18F83E3C20DCD163007DE0A5 /* JKImageModel.m */,
				18F83E3D20DCD163007DE0A5 /* JKImageModel.h */,
			);
			path = Model;
			sourceTree = "<group>";
		};
		18F83E3E20DCD163007DE0A5 /* View */ = {
			isa = PBXGroup;
			children = (
				18F83E3F20DCD163007DE0A5 /* JKPhtotPageView.h */,
				18F83E4020DCD163007DE0A5 /* JKPhotoBrowserView.h */,
				18F83E4120DCD163007DE0A5 /* JKPhtotProgressView.h */,
				18F83E4220DCD163007DE0A5 /* JKPhtotPageView.m */,
				18F83E4320DCD163007DE0A5 /* JKPhotoBrowserView.m */,
				18F83E4420DCD163007DE0A5 /* JKPhtotProgressView.m */,
			);
			path = View;
			sourceTree = "<group>";
		};
		18F83E4520DCD163007DE0A5 /* Protocol */ = {
			isa = PBXGroup;
			children = (
				18F83E4620DCD163007DE0A5 /* JKPhotoModel.h */,
				18F83E4720DCD163007DE0A5 /* JKPhotoBrowserDataSouce.h */,
				18F83E4820DCD163007DE0A5 /* JKPhotoIndexPage.h */,
				18F83E4920DCD163007DE0A5 /* JKPhotoBrowserDelegate.h */,
				18F83E4A20DCD163007DE0A5 /* JKPhotoBrowserStateProtocol.h */,
				18F83E4B20DCD163007DE0A5 /* JKPhotoTransitionProtocol.h */,
			);
			path = Protocol;
			sourceTree = "<group>";
		};
		18F83E4C20DCD163007DE0A5 /* Utilities */ = {
			isa = PBXGroup;
			children = (
				18F83E4D20DCD163007DE0A5 /* JKPhotoMacro.h */,
			);
			path = Utilities;
			sourceTree = "<group>";
		};
		4538FBE546994300D6238C3F /* Frameworks */ = {
			isa = PBXGroup;
			children = (
				5EBBAD1CEFD18382DA55EC94 /* libPods-JKPhotoBrowser.a */,
			);
			name = Frameworks;
			sourceTree = "<group>";
		};
/* End PBXGroup section */

/* Begin PBXNativeTarget section */
		1849D3B420B53E1300697616 /* JKPhotoBrowser */ = {
			isa = PBXNativeTarget;
			buildConfigurationList = 1849D3CB20B53E1600697616 /* Build configuration list for PBXNativeTarget "JKPhotoBrowser" */;
			buildPhases = (
				1537C2B0A9CDD21237C0DC15 /* [CP] Check Pods Manifest.lock */,
				1849D3B120B53E1300697616 /* Sources */,
				1849D3B220B53E1300697616 /* Frameworks */,
				1849D3B320B53E1300697616 /* Resources */,
			);
			buildRules = (
			);
			dependencies = (
			);
			name = JKPhotoBrowser;
			productName = JKPhotoBrowser;
			productReference = 1849D3B520B53E1300697616 /* JKPhotoBrowser.app */;
			productType = "com.apple.product-type.application";
		};
/* End PBXNativeTarget section */

/* Begin PBXProject section */
		1849D3AD20B53E1300697616 /* Project object */ = {
			isa = PBXProject;
			attributes = {
				LastUpgradeCheck = 0930;
				ORGANIZATIONNAME = zhangjie;
				TargetAttributes = {
					1849D3B420B53E1300697616 = {
						CreatedOnToolsVersion = 9.3;
					};
				};
			};
			buildConfigurationList = 1849D3B020B53E1300697616 /* Build configuration list for PBXProject "JKPhotoBrowser" */;
			compatibilityVersion = "Xcode 9.3";
			developmentRegion = en;
			hasScannedForEncodings = 0;
			knownRegions = (
				en,
				Base,
			);
			mainGroup = 1849D3AC20B53E1300697616;
			productRefGroup = 1849D3B620B53E1300697616 /* Products */;
			projectDirPath = "";
			projectRoot = "";
			targets = (
				1849D3B420B53E1300697616 /* JKPhotoBrowser */,
			);
		};
/* End PBXProject section */

/* Begin PBXResourcesBuildPhase section */
		1849D3B320B53E1300697616 /* Resources */ = {
			isa = PBXResourcesBuildPhase;
			buildActionMask = 2147483647;
			files = (
				18D7DA5A20BD47C800C511E5 /* localImage6.jpeg in Resources */,
				18D7DA5E20BD47C800C511E5 /* localImage3.jpeg in Resources */,
				1849D3C520B53E1600697616 /* LaunchScreen.storyboard in Resources */,
				18D7DA5920BD47C800C511E5 /* localImage7.jpeg in Resources */,
				1849D3C220B53E1600697616 /* Assets.xcassets in Resources */,
				18D7DA5F20BD47C800C511E5 /* localImage2.jpeg in Resources */,
				18D7DA5D20BD47C800C511E5 /* localImage8.jpeg in Resources */,
				18D7DA5C20BD47C800C511E5 /* localImage4.jpeg in Resources */,
				18D7DA5B20BD47C800C511E5 /* localImage5.jpeg in Resources */,
				1849D3C020B53E1300697616 /* Main.storyboard in Resources */,
				18D7DA5620BD47C800C511E5 /* localBigImage0.jpeg in Resources */,
				18D7DA5820BD47C800C511E5 /* localImage0.jpeg in Resources */,
				18D7DA5720BD47C800C511E5 /* localImage1.jpeg in Resources */,
			);
			runOnlyForDeploymentPostprocessing = 0;
		};
/* End PBXResourcesBuildPhase section */

/* Begin PBXShellScriptBuildPhase section */
		1537C2B0A9CDD21237C0DC15 /* [CP] Check Pods Manifest.lock */ = {
			isa = PBXShellScriptBuildPhase;
			buildActionMask = 2147483647;
			files = (
			);
			inputPaths = (
				"${PODS_PODFILE_DIR_PATH}/Podfile.lock",
				"${PODS_ROOT}/Manifest.lock",
			);
			name = "[CP] Check Pods Manifest.lock";
			outputPaths = (
				"$(DERIVED_FILE_DIR)/Pods-JKPhotoBrowser-checkManifestLockResult.txt",
			);
			runOnlyForDeploymentPostprocessing = 0;
			shellPath = /bin/sh;
			shellScript = "diff \"${PODS_PODFILE_DIR_PATH}/Podfile.lock\" \"${PODS_ROOT}/Manifest.lock\" > /dev/null\nif [ $? != 0 ] ; then\n    # print error to STDERR\n    echo \"error: The sandbox is not in sync with the Podfile.lock. Run 'pod install' or update your CocoaPods installation.\" >&2\n    exit 1\nfi\n# This output is used by Xcode 'outputs' to avoid re-running this script phase.\necho \"SUCCESS\" > \"${SCRIPT_OUTPUT_FILE_0}\"\n";
			showEnvVarsInLog = 0;
		};
/* End PBXShellScriptBuildPhase section */

/* Begin PBXSourcesBuildPhase section */
		1849D3B120B53E1300697616 /* Sources */ = {
			isa = PBXSourcesBuildPhase;
			buildActionMask = 2147483647;
			files = (
				18F83E5620DCD163007DE0A5 /* JKPhotoBrowserView.m in Sources */,
				18F83E5520DCD163007DE0A5 /* JKPhtotPageView.m in Sources */,
				18F83E5320DCD163007DE0A5 /* JKPhtotBrowserAnimatedTransitioning.m in Sources */,
				1849D3BD20B53E1300697616 /* ViewController.m in Sources */,
				1849D3C820B53E1600697616 /* main.m in Sources */,
				18F83E5420DCD163007DE0A5 /* JKImageModel.m in Sources */,
				187D2C4820D8E05900495ED3 /* JKPhotoBrowserTopView.m in Sources */,
				18F83E5220DCD163007DE0A5 /* JKPhotoBrowserCell.m in Sources */,
				18F83E5720DCD163007DE0A5 /* JKPhtotProgressView.m in Sources */,
				18F83E4E20DCD163007DE0A5 /* JKPhotoTransitionConfig.m in Sources */,
				1849D3BA20B53E1300697616 /* AppDelegate.m in Sources */,
				18F83E5120DCD163007DE0A5 /* JKPhotoBrowserViewFlowLayout.m in Sources */,
				18F83E5020DCD163007DE0A5 /* JKPhotoBrowser.m in Sources */,
				18F83E4F20DCD163007DE0A5 /* JKPhotoSavePhotoManger.m in Sources */,
			);
			runOnlyForDeploymentPostprocessing = 0;
		};
/* End PBXSourcesBuildPhase section */

/* Begin PBXVariantGroup section */
		1849D3BE20B53E1300697616 /* Main.storyboard */ = {
			isa = PBXVariantGroup;
			children = (
				1849D3BF20B53E1300697616 /* Base */,
			);
			name = Main.storyboard;
			sourceTree = "<group>";
		};
		1849D3C320B53E1600697616 /* LaunchScreen.storyboard */ = {
			isa = PBXVariantGroup;
			children = (
				1849D3C420B53E1600697616 /* Base */,
			);
			name = LaunchScreen.storyboard;
			sourceTree = "<group>";
		};
/* End PBXVariantGroup section */

/* Begin XCBuildConfiguration section */
		1849D3C920B53E1600697616 /* Debug */ = {
			isa = XCBuildConfiguration;
			buildSettings = {
				ALWAYS_SEARCH_USER_PATHS = NO;
				CLANG_ANALYZER_NONNULL = YES;
				CLANG_ANALYZER_NUMBER_OBJECT_CONVERSION = YES_AGGRESSIVE;
				CLANG_CXX_LANGUAGE_STANDARD = "gnu++14";
				CLANG_CXX_LIBRARY = "libc++";
				CLANG_ENABLE_MODULES = YES;
				CLANG_ENABLE_OBJC_ARC = YES;
				CLANG_ENABLE_OBJC_WEAK = YES;
				CLANG_WARN_BLOCK_CAPTURE_AUTORELEASING = YES;
				CLANG_WARN_BOOL_CONVERSION = YES;
				CLANG_WARN_COMMA = YES;
				CLANG_WARN_CONSTANT_CONVERSION = YES;
				CLANG_WARN_DEPRECATED_OBJC_IMPLEMENTATIONS = YES;
				CLANG_WARN_DIRECT_OBJC_ISA_USAGE = YES_ERROR;
				CLANG_WARN_DOCUMENTATION_COMMENTS = YES;
				CLANG_WARN_EMPTY_BODY = YES;
				CLANG_WARN_ENUM_CONVERSION = YES;
				CLANG_WARN_INFINITE_RECURSION = YES;
				CLANG_WARN_INT_CONVERSION = YES;
				CLANG_WARN_NON_LITERAL_NULL_CONVERSION = YES;
				CLANG_WARN_OBJC_IMPLICIT_RETAIN_SELF = YES;
				CLANG_WARN_OBJC_LITERAL_CONVERSION = YES;
				CLANG_WARN_OBJC_ROOT_CLASS = YES_ERROR;
				CLANG_WARN_RANGE_LOOP_ANALYSIS = YES;
				CLANG_WARN_STRICT_PROTOTYPES = YES;
				CLANG_WARN_SUSPICIOUS_MOVE = YES;
				CLANG_WARN_UNGUARDED_AVAILABILITY = YES_AGGRESSIVE;
				CLANG_WARN_UNREACHABLE_CODE = YES;
				CLANG_WARN__DUPLICATE_METHOD_MATCH = YES;
				CODE_SIGN_IDENTITY = "iPhone Developer";
				COPY_PHASE_STRIP = NO;
				DEBUG_INFORMATION_FORMAT = dwarf;
				ENABLE_STRICT_OBJC_MSGSEND = YES;
				ENABLE_TESTABILITY = YES;
				GCC_C_LANGUAGE_STANDARD = gnu11;
				GCC_DYNAMIC_NO_PIC = NO;
				GCC_NO_COMMON_BLOCKS = YES;
				GCC_OPTIMIZATION_LEVEL = 0;
				GCC_PREPROCESSOR_DEFINITIONS = (
					"DEBUG=1",
					"$(inherited)",
				);
				GCC_WARN_64_TO_32_BIT_CONVERSION = YES;
				GCC_WARN_ABOUT_RETURN_TYPE = YES_ERROR;
				GCC_WARN_UNDECLARED_SELECTOR = YES;
				GCC_WARN_UNINITIALIZED_AUTOS = YES_AGGRESSIVE;
				GCC_WARN_UNUSED_FUNCTION = YES;
				GCC_WARN_UNUSED_VARIABLE = YES;
				IPHONEOS_DEPLOYMENT_TARGET = 11.3;
				MTL_ENABLE_DEBUG_INFO = YES;
				ONLY_ACTIVE_ARCH = YES;
				SDKROOT = iphoneos;
			};
			name = Debug;
		};
		1849D3CA20B53E1600697616 /* Release */ = {
			isa = XCBuildConfiguration;
			buildSettings = {
				ALWAYS_SEARCH_USER_PATHS = NO;
				CLANG_ANALYZER_NONNULL = YES;
				CLANG_ANALYZER_NUMBER_OBJECT_CONVERSION = YES_AGGRESSIVE;
				CLANG_CXX_LANGUAGE_STANDARD = "gnu++14";
				CLANG_CXX_LIBRARY = "libc++";
				CLANG_ENABLE_MODULES = YES;
				CLANG_ENABLE_OBJC_ARC = YES;
				CLANG_ENABLE_OBJC_WEAK = YES;
				CLANG_WARN_BLOCK_CAPTURE_AUTORELEASING = YES;
				CLANG_WARN_BOOL_CONVERSION = YES;
				CLANG_WARN_COMMA = YES;
				CLANG_WARN_CONSTANT_CONVERSION = YES;
				CLANG_WARN_DEPRECATED_OBJC_IMPLEMENTATIONS = YES;
				CLANG_WARN_DIRECT_OBJC_ISA_USAGE = YES_ERROR;
				CLANG_WARN_DOCUMENTATION_COMMENTS = YES;
				CLANG_WARN_EMPTY_BODY = YES;
				CLANG_WARN_ENUM_CONVERSION = YES;
				CLANG_WARN_INFINITE_RECURSION = YES;
				CLANG_WARN_INT_CONVERSION = YES;
				CLANG_WARN_NON_LITERAL_NULL_CONVERSION = YES;
				CLANG_WARN_OBJC_IMPLICIT_RETAIN_SELF = YES;
				CLANG_WARN_OBJC_LITERAL_CONVERSION = YES;
				CLANG_WARN_OBJC_ROOT_CLASS = YES_ERROR;
				CLANG_WARN_RANGE_LOOP_ANALYSIS = YES;
				CLANG_WARN_STRICT_PROTOTYPES = YES;
				CLANG_WARN_SUSPICIOUS_MOVE = YES;
				CLANG_WARN_UNGUARDED_AVAILABILITY = YES_AGGRESSIVE;
				CLANG_WARN_UNREACHABLE_CODE = YES;
				CLANG_WARN__DUPLICATE_METHOD_MATCH = YES;
				CODE_SIGN_IDENTITY = "iPhone Developer";
				COPY_PHASE_STRIP = NO;
				DEBUG_INFORMATION_FORMAT = "dwarf-with-dsym";
				ENABLE_NS_ASSERTIONS = NO;
				ENABLE_STRICT_OBJC_MSGSEND = YES;
				GCC_C_LANGUAGE_STANDARD = gnu11;
				GCC_NO_COMMON_BLOCKS = YES;
				GCC_WARN_64_TO_32_BIT_CONVERSION = YES;
				GCC_WARN_ABOUT_RETURN_TYPE = YES_ERROR;
				GCC_WARN_UNDECLARED_SELECTOR = YES;
				GCC_WARN_UNINITIALIZED_AUTOS = YES_AGGRESSIVE;
				GCC_WARN_UNUSED_FUNCTION = YES;
				GCC_WARN_UNUSED_VARIABLE = YES;
				IPHONEOS_DEPLOYMENT_TARGET = 11.3;
				MTL_ENABLE_DEBUG_INFO = NO;
				SDKROOT = iphoneos;
				VALIDATE_PRODUCT = YES;
			};
			name = Release;
		};
		1849D3CC20B53E1600697616 /* Debug */ = {
			isa = XCBuildConfiguration;
			baseConfigurationReference = 55C78092177D7BE74792AC85 /* Pods-JKPhotoBrowser.debug.xcconfig */;
			buildSettings = {
				ASSETCATALOG_COMPILER_APPICON_NAME = AppIcon;
				CODE_SIGN_STYLE = Automatic;
				DEVELOPMENT_TEAM = M98CKS54LG;
				INFOPLIST_FILE = JKPhotoBrowser/Info.plist;
				IPHONEOS_DEPLOYMENT_TARGET = 10.0;
				LD_RUNPATH_SEARCH_PATHS = (
					"$(inherited)",
					"@executable_path/Frameworks",
				);
				PRODUCT_BUNDLE_IDENTIFIER = jekin.JKPhotoBrowser;
				PRODUCT_NAME = "$(TARGET_NAME)";
				TARGETED_DEVICE_FAMILY = "1,2";
			};
			name = Debug;
		};
		1849D3CD20B53E1600697616 /* Release */ = {
			isa = XCBuildConfiguration;
			baseConfigurationReference = 93B4C02091BF268D8F9A3604 /* Pods-JKPhotoBrowser.release.xcconfig */;
			buildSettings = {
				ASSETCATALOG_COMPILER_APPICON_NAME = AppIcon;
				CODE_SIGN_STYLE = Automatic;
				DEVELOPMENT_TEAM = M98CKS54LG;
				INFOPLIST_FILE = JKPhotoBrowser/Info.plist;
				IPHONEOS_DEPLOYMENT_TARGET = 10.0;
				LD_RUNPATH_SEARCH_PATHS = (
					"$(inherited)",
					"@executable_path/Frameworks",
				);
				PRODUCT_BUNDLE_IDENTIFIER = jekin.JKPhotoBrowser;
				PRODUCT_NAME = "$(TARGET_NAME)";
				TARGETED_DEVICE_FAMILY = "1,2";
			};
			name = Release;
		};
/* End XCBuildConfiguration section */

/* Begin XCConfigurationList section */
		1849D3B020B53E1300697616 /* Build configuration list for PBXProject "JKPhotoBrowser" */ = {
			isa = XCConfigurationList;
			buildConfigurations = (
				1849D3C920B53E1600697616 /* Debug */,
				1849D3CA20B53E1600697616 /* Release */,
			);
			defaultConfigurationIsVisible = 0;
			defaultConfigurationName = Release;
		};
		1849D3CB20B53E1600697616 /* Build configuration list for PBXNativeTarget "JKPhotoBrowser" */ = {
			isa = XCConfigurationList;
			buildConfigurations = (
				1849D3CC20B53E1600697616 /* Debug */,
				1849D3CD20B53E1600697616 /* Release */,
			);
			defaultConfigurationIsVisible = 0;
			defaultConfigurationName = Release;
		};
/* End XCConfigurationList section */
	};
	rootObject = 1849D3AD20B53E1300697616 /* Project object */;
}
